
Microsoft Visual Studio Solution File, Format Version 12.00
# Visual Studio Version 17
VisualStudioVersion = 17.14.36109.1
MinimumVisualStudioVersion = 10.0.40219.1
Project("{FAE04EC0-301F-11D3-BF4B-00C04F79EFBC}") = "About.Net", "About.Net.csproj", "{5C27B6DC-292C-4F72-9B0A-3D873DECF457}"
EndProject
Project("{2150E333-8FDC-42A3-9474-1A3956D46DE8}") = ".Net-Tips", ".Net-Tips", "{02EA681E-C7D8-13C7-8484-4AC65E1B71E8}"
EndProject
Project("{FAE04EC0-301F-11D3-BF4B-00C04F79EFBC}") = "In_Ref_Out_None", "..\.Net-Tips\In_Ref_Out_None\In_Ref_Out_None.csproj", "{7F517256-E126-4917-990D-4074ECCB443E}"
EndProject
Project("{FAE04EC0-301F-11D3-BF4B-00C04F79EFBC}") = "Compare-ReferenceType-Vs-ValueType", "..\.Net-Tips\Compare-ReferenceType-Vs-ValueType\Compare-ReferenceType-Vs-ValueType.csproj", "{F80825C5-3FE8-4EE3-92B3-5923A9989A9A}"
EndProject
Project("{2150E333-8FDC-42A3-9474-1A3956D46DE8}") = "Quiz-Knowledge", "Quiz-Knowledge", "{F91463DC-F6C0-4E27-B24B-12C13C6D8719}"
EndProject
Project("{FAE04EC0-301F-11D3-BF4B-00C04F79EFBC}") = "Reverse a Large Array Efficiently Using Span", "..\Quiz-Knowledge\Reverse a Large Array Efficiently Using Span\Reverse a Large Array Efficiently Using Span.csproj", "{62798CF0-F341-4C3E-A70C-F3D5CBB9E035}"
EndProject
Project("{FAE04EC0-301F-11D3-BF4B-00C04F79EFBC}") = "Thread Pool optimization", "..\Quiz-Knowledge\Thread Pool optimization\Thread Pool optimization.csproj", "{2DE12F11-CCAF-4006-8CFD-EC68495DA838}"
EndProject
Project("{FAE04EC0-301F-11D3-BF4B-00C04F79EFBC}") = "Lock", "..\.Net-Tips\Lock\Lock.csproj", "{DCBFEB7C-DA39-4660-93FF-3F6A8A022267}"
EndProject
Project("{2150E333-8FDC-42A3-9474-1A3956D46DE8}") = "Tools", "Tools", "{8A48130B-E9BC-471B-9BBC-34A66FD7F1F7}"
EndProject
Project("{2150E333-8FDC-42A3-9474-1A3956D46DE8}") = "MessageBrokers", "MessageBrokers", "{FEFF03BC-0F71-4820-92FB-298CA1A45F14}"
EndProject
Project("{FAE04EC0-301F-11D3-BF4B-00C04F79EFBC}") = "RabbitSender", "..\Tools\MessageBrokers\RabbitSender\RabbitSender.csproj", "{52984527-539D-45EE-8378-0091B2F1D406}"
EndProject
Project("{FAE04EC0-301F-11D3-BF4B-00C04F79EFBC}") = "RabbitReceiver1", "..\Tools\MessageBrokers\RabbitReceiver1\RabbitReceiver1.csproj", "{1A235068-B5D6-41FA-BCFE-BE1E21A70E56}"
EndProject
Project("{FAE04EC0-301F-11D3-BF4B-00C04F79EFBC}") = "RabbitReceiver2", "..\Tools\MessageBrokers\RabbitReceiver2\RabbitReceiver2.csproj", "{701491A7-8875-4AE2-AC0C-2603AD6E339F}"
EndProject
Project("{FAE04EC0-301F-11D3-BF4B-00C04F79EFBC}") = "Execution_In_LINQ", "..\.Net-Tips\Execution_In_LINQ\Execution_In_LINQ.csproj", "{E8DBDAED-0FA3-4066-B008-83A2DA4778D2}"
EndProject
Project("{FAE04EC0-301F-11D3-BF4B-00C04F79EFBC}") = "Closure", "..\.Net-Tips\Closure\Closure.csproj", "{69764C76-D885-4306-ADFD-F6923D7074C7}"
EndProject
Project("{FAE04EC0-301F-11D3-BF4B-00C04F79EFBC}") = "CustomDependencyInjection", "..\.Net-Tips\CustomDependencyInjection\CustomDependencyInjection.csproj", "{030F002C-CF3E-450A-A81F-A88F6BA8C9E4}"
EndProject
Project("{FAE04EC0-301F-11D3-BF4B-00C04F79EFBC}") = "BackgroundWorker", "..\.Net-Tips\BackgroundWorker\BackgroundWorker.csproj", "{CA8F3D26-CE93-40CC-8A9C-4295538C8F84}"
EndProject
Project("{2150E333-8FDC-42A3-9474-1A3956D46DE8}") = "ORMs", "ORMs", "{59C89DEB-DD80-4E66-8211-F074ACB513BA}"
EndProject
Project("{FAE04EC0-301F-11D3-BF4B-00C04F79EFBC}") = "TestNHibernate", "..\ORMs\TestNHibernate\TestNHibernate.csproj", "{AF5EAF95-3302-4DE6-A93D-D35FB1E8A9B8}"
EndProject
Global
	GlobalSection(SolutionConfigurationPlatforms) = preSolution
		Debug|Any CPU = Debug|Any CPU
		Release|Any CPU = Release|Any CPU
	EndGlobalSection
	GlobalSection(ProjectConfigurationPlatforms) = postSolution
		{5C27B6DC-292C-4F72-9B0A-3D873DECF457}.Debug|Any CPU.ActiveCfg = Debug|Any CPU
		{5C27B6DC-292C-4F72-9B0A-3D873DECF457}.Debug|Any CPU.Build.0 = Debug|Any CPU
		{5C27B6DC-292C-4F72-9B0A-3D873DECF457}.Release|Any CPU.ActiveCfg = Release|Any CPU
		{5C27B6DC-292C-4F72-9B0A-3D873DECF457}.Release|Any CPU.Build.0 = Release|Any CPU
		{7F517256-E126-4917-990D-4074ECCB443E}.Debug|Any CPU.ActiveCfg = Debug|Any CPU
		{7F517256-E126-4917-990D-4074ECCB443E}.Debug|Any CPU.Build.0 = Debug|Any CPU
		{7F517256-E126-4917-990D-4074ECCB443E}.Release|Any CPU.ActiveCfg = Release|Any CPU
		{7F517256-E126-4917-990D-4074ECCB443E}.Release|Any CPU.Build.0 = Release|Any CPU
		{F80825C5-3FE8-4EE3-92B3-5923A9989A9A}.Debug|Any CPU.ActiveCfg = Debug|Any CPU
		{F80825C5-3FE8-4EE3-92B3-5923A9989A9A}.Debug|Any CPU.Build.0 = Debug|Any CPU
		{F80825C5-3FE8-4EE3-92B3-5923A9989A9A}.Release|Any CPU.ActiveCfg = Release|Any CPU
		{F80825C5-3FE8-4EE3-92B3-5923A9989A9A}.Release|Any CPU.Build.0 = Release|Any CPU
		{62798CF0-F341-4C3E-A70C-F3D5CBB9E035}.Debug|Any CPU.ActiveCfg = Debug|Any CPU
		{62798CF0-F341-4C3E-A70C-F3D5CBB9E035}.Debug|Any CPU.Build.0 = Debug|Any CPU
		{62798CF0-F341-4C3E-A70C-F3D5CBB9E035}.Release|Any CPU.ActiveCfg = Release|Any CPU
		{62798CF0-F341-4C3E-A70C-F3D5CBB9E035}.Release|Any CPU.Build.0 = Release|Any CPU
		{2DE12F11-CCAF-4006-8CFD-EC68495DA838}.Debug|Any CPU.ActiveCfg = Debug|Any CPU
		{2DE12F11-CCAF-4006-8CFD-EC68495DA838}.Debug|Any CPU.Build.0 = Debug|Any CPU
		{2DE12F11-CCAF-4006-8CFD-EC68495DA838}.Release|Any CPU.ActiveCfg = Release|Any CPU
		{2DE12F11-CCAF-4006-8CFD-EC68495DA838}.Release|Any CPU.Build.0 = Release|Any CPU
		{DCBFEB7C-DA39-4660-93FF-3F6A8A022267}.Debug|Any CPU.ActiveCfg = Debug|Any CPU
		{DCBFEB7C-DA39-4660-93FF-3F6A8A022267}.Debug|Any CPU.Build.0 = Debug|Any CPU
		{DCBFEB7C-DA39-4660-93FF-3F6A8A022267}.Release|Any CPU.ActiveCfg = Release|Any CPU
		{DCBFEB7C-DA39-4660-93FF-3F6A8A022267}.Release|Any CPU.Build.0 = Release|Any CPU
		{52984527-539D-45EE-8378-0091B2F1D406}.Debug|Any CPU.ActiveCfg = Debug|Any CPU
		{52984527-539D-45EE-8378-0091B2F1D406}.Debug|Any CPU.Build.0 = Debug|Any CPU
		{52984527-539D-45EE-8378-0091B2F1D406}.Release|Any CPU.ActiveCfg = Release|Any CPU
		{52984527-539D-45EE-8378-0091B2F1D406}.Release|Any CPU.Build.0 = Release|Any CPU
		{1A235068-B5D6-41FA-BCFE-BE1E21A70E56}.Debug|Any CPU.ActiveCfg = Debug|Any CPU
		{1A235068-B5D6-41FA-BCFE-BE1E21A70E56}.Debug|Any CPU.Build.0 = Debug|Any CPU
		{1A235068-B5D6-41FA-BCFE-BE1E21A70E56}.Release|Any CPU.ActiveCfg = Release|Any CPU
		{1A235068-B5D6-41FA-BCFE-BE1E21A70E56}.Release|Any CPU.Build.0 = Release|Any CPU
		{701491A7-8875-4AE2-AC0C-2603AD6E339F}.Debug|Any CPU.ActiveCfg = Debug|Any CPU
		{701491A7-8875-4AE2-AC0C-2603AD6E339F}.Debug|Any CPU.Build.0 = Debug|Any CPU
		{701491A7-8875-4AE2-AC0C-2603AD6E339F}.Release|Any CPU.ActiveCfg = Release|Any CPU
		{701491A7-8875-4AE2-AC0C-2603AD6E339F}.Release|Any CPU.Build.0 = Release|Any CPU
		{E8DBDAED-0FA3-4066-B008-83A2DA4778D2}.Debug|Any CPU.ActiveCfg = Debug|Any CPU
		{E8DBDAED-0FA3-4066-B008-83A2DA4778D2}.Debug|Any CPU.Build.0 = Debug|Any CPU
		{E8DBDAED-0FA3-4066-B008-83A2DA4778D2}.Release|Any CPU.ActiveCfg = Release|Any CPU
		{E8DBDAED-0FA3-4066-B008-83A2DA4778D2}.Release|Any CPU.Build.0 = Release|Any CPU
		{69764C76-D885-4306-ADFD-F6923D7074C7}.Debug|Any CPU.ActiveCfg = Debug|Any CPU
		{69764C76-D885-4306-ADFD-F6923D7074C7}.Debug|Any CPU.Build.0 = Debug|Any CPU
		{69764C76-D885-4306-ADFD-F6923D7074C7}.Release|Any CPU.ActiveCfg = Release|Any CPU
		{69764C76-D885-4306-ADFD-F6923D7074C7}.Release|Any CPU.Build.0 = Release|Any CPU
		{030F002C-CF3E-450A-A81F-A88F6BA8C9E4}.Debug|Any CPU.ActiveCfg = Debug|Any CPU
		{030F002C-CF3E-450A-A81F-A88F6BA8C9E4}.Debug|Any CPU.Build.0 = Debug|Any CPU
		{030F002C-CF3E-450A-A81F-A88F6BA8C9E4}.Release|Any CPU.ActiveCfg = Release|Any CPU
		{030F002C-CF3E-450A-A81F-A88F6BA8C9E4}.Release|Any CPU.Build.0 = Release|Any CPU
		{CA8F3D26-CE93-40CC-8A9C-4295538C8F84}.Debug|Any CPU.ActiveCfg = Debug|Any CPU
		{CA8F3D26-CE93-40CC-8A9C-4295538C8F84}.Debug|Any CPU.Build.0 = Debug|Any CPU
		{CA8F3D26-CE93-40CC-8A9C-4295538C8F84}.Release|Any CPU.ActiveCfg = Release|Any CPU
		{CA8F3D26-CE93-40CC-8A9C-4295538C8F84}.Release|Any CPU.Build.0 = Release|Any CPU
		{AF5EAF95-3302-4DE6-A93D-D35FB1E8A9B8}.Debug|Any CPU.ActiveCfg = Debug|Any CPU
		{AF5EAF95-3302-4DE6-A93D-D35FB1E8A9B8}.Debug|Any CPU.Build.0 = Debug|Any CPU
		{AF5EAF95-3302-4DE6-A93D-D35FB1E8A9B8}.Release|Any CPU.ActiveCfg = Release|Any CPU
		{AF5EAF95-3302-4DE6-A93D-D35FB1E8A9B8}.Release|Any CPU.Build.0 = Release|Any CPU
	EndGlobalSection
	GlobalSection(SolutionProperties) = preSolution
		HideSolutionNode = FALSE
	EndGlobalSection
	GlobalSection(NestedProjects) = preSolution
		{7F517256-E126-4917-990D-4074ECCB443E} = {02EA681E-C7D8-13C7-8484-4AC65E1B71E8}
		{F80825C5-3FE8-4EE3-92B3-5923A9989A9A} = {02EA681E-C7D8-13C7-8484-4AC65E1B71E8}
		{62798CF0-F341-4C3E-A70C-F3D5CBB9E035} = {F91463DC-F6C0-4E27-B24B-12C13C6D8719}
		{2DE12F11-CCAF-4006-8CFD-EC68495DA838} = {F91463DC-F6C0-4E27-B24B-12C13C6D8719}
		{DCBFEB7C-DA39-4660-93FF-3F6A8A022267} = {02EA681E-C7D8-13C7-8484-4AC65E1B71E8}
		{FEFF03BC-0F71-4820-92FB-298CA1A45F14} = {8A48130B-E9BC-471B-9BBC-34A66FD7F1F7}
		{52984527-539D-45EE-8378-0091B2F1D406} = {FEFF03BC-0F71-4820-92FB-298CA1A45F14}
		{1A235068-B5D6-41FA-BCFE-BE1E21A70E56} = {FEFF03BC-0F71-4820-92FB-298CA1A45F14}
		{701491A7-8875-4AE2-AC0C-2603AD6E339F} = {FEFF03BC-0F71-4820-92FB-298CA1A45F14}
		{E8DBDAED-0FA3-4066-B008-83A2DA4778D2} = {02EA681E-C7D8-13C7-8484-4AC65E1B71E8}
		{69764C76-D885-4306-ADFD-F6923D7074C7} = {02EA681E-C7D8-13C7-8484-4AC65E1B71E8}
		{030F002C-CF3E-450A-A81F-A88F6BA8C9E4} = {02EA681E-C7D8-13C7-8484-4AC65E1B71E8}
		{CA8F3D26-CE93-40CC-8A9C-4295538C8F84} = {02EA681E-C7D8-13C7-8484-4AC65E1B71E8}
		{AF5EAF95-3302-4DE6-A93D-D35FB1E8A9B8} = {59C89DEB-DD80-4E66-8211-F074ACB513BA}
	EndGlobalSection
	GlobalSection(ExtensibilityGlobals) = postSolution
		SolutionGuid = {CEC8A9FD-93DE-4795-A19A-BEE95AA6E23A}
	EndGlobalSection
EndGlobal
