
Microsoft Visual Studio Solution File, Format Version 12.00
# Visual Studio Version 17
VisualStudioVersion = 17.14.36109.1 d17.14
MinimumVisualStudioVersion = 10.0.40219.1
Project("{FAE04EC0-301F-11D3-BF4B-00C04F79EFBC}") = "About.Net", "About.Net.csproj", "{5C27B6DC-292C-4F72-9B0A-3D873DECF457}"
EndProject
Project("{2150E333-8FDC-42A3-9474-1A3956D46DE8}") = ".Net-Tips", ".Net-Tips", "{02EA681E-C7D8-13C7-8484-4AC65E1B71E8}"
EndProject
Project("{FAE04EC0-301F-11D3-BF4B-00C04F79EFBC}") = "In-Ref-Out", "..\In-Ref-Out\In-Ref-Out.csproj", "{DCA8A849-D3AA-4770-9135-2490EE6ABCF2}"
EndProject
Global
	GlobalSection(SolutionConfigurationPlatforms) = preSolution
		Debug|Any CPU = Debug|Any CPU
		Release|Any CPU = Release|Any CPU
	EndGlobalSection
	GlobalSection(ProjectConfigurationPlatforms) = postSolution
		{5C27B6DC-292C-4F72-9B0A-3D873DECF457}.Debug|Any CPU.ActiveCfg = Debug|Any CPU
		{5C27B6DC-292C-4F72-9B0A-3D873DECF457}.Debug|Any CPU.Build.0 = Debug|Any CPU
		{5C27B6DC-292C-4F72-9B0A-3D873DECF457}.Release|Any CPU.ActiveCfg = Release|Any CPU
		{5C27B6DC-292C-4F72-9B0A-3D873DECF457}.Release|Any CPU.Build.0 = Release|Any CPU
		{DCA8A849-D3AA-4770-9135-2490EE6ABCF2}.Debug|Any CPU.ActiveCfg = Debug|Any CPU
		{DCA8A849-D3AA-4770-9135-2490EE6ABCF2}.Debug|Any CPU.Build.0 = Debug|Any CPU
		{DCA8A849-D3AA-4770-9135-2490EE6ABCF2}.Release|Any CPU.ActiveCfg = Release|Any CPU
		{DCA8A849-D3AA-4770-9135-2490EE6ABCF2}.Release|Any CPU.Build.0 = Release|Any CPU
	EndGlobalSection
	GlobalSection(SolutionProperties) = preSolution
		HideSolutionNode = FALSE
	EndGlobalSection
	GlobalSection(NestedProjects) = preSolution
		{DCA8A849-D3AA-4770-9135-2490EE6ABCF2} = {02EA681E-C7D8-13C7-8484-4AC65E1B71E8}
	EndGlobalSection
	GlobalSection(ExtensibilityGlobals) = postSolution
		SolutionGuid = {CEC8A9FD-93DE-4795-A19A-BEE95AA6E23A}
	EndGlobalSection
EndGlobal
